<?xml version="1.0" encoding="utf-8"?>
<Project ToolsVersion="4.0" xmlns="http://schemas.microsoft.com/developer/msbuild/2003">
  <ItemGroup>
    <Filter Include="源文件">
      <UniqueIdentifier>{4FC737F1-C7A5-4376-A066-2A32D752A2FF}</UniqueIdentifier>
      <Extensions>cpp;c;cc;cxx;c++;cppm;ixx;def;odl;idl;hpj;bat;asm;asmx</Extensions>
    </Filter>
    <Filter Include="头文件">
      <UniqueIdentifier>{93995380-89BD-4b04-88EB-625FBE52EBFB}</UniqueIdentifier>
      <Extensions>h;hh;hpp;hxx;h++;hm;inl;inc;ipp;xsd</Extensions>
    </Filter>
    <Filter Include="资源文件">
      <UniqueIdentifier>{67DA6AB6-F800-4c08-8B7A-83BB121AAD01}</UniqueIdentifier>
      <Extensions>rc;ico;cur;bmp;dlg;rc2;rct;bin;rgs;gif;jpg;jpeg;jpe;resx;tiff;tif;png;wav;mfcribbon-ms</Extensions>
    </Filter>
    <Filter Include="用户上线">
      <UniqueIdentifier>{975459b1-ca9e-41f4-ab03-c57737886cf6}</UniqueIdentifier>
    </Filter>
    <Filter Include="数据结构">
      <UniqueIdentifier>{fa9fde6c-f8b7-408d-8c83-14922a46c70a}</UniqueIdentifier>
    </Filter>
    <Filter Include="压缩库">
      <UniqueIdentifier>{410a6854-afe3-4b1d-b011-72db4533ea46}</UniqueIdentifier>
    </Filter>
    <Filter Include="抽象类">
      <UniqueIdentifier>{851b1942-33ca-4516-a63b-4075f23ea6f5}</UniqueIdentifier>
    </Filter>
    <Filter Include="抽象类\内核管理">
      <UniqueIdentifier>{89f91a7d-8864-4c60-be06-817eb8346aff}</UniqueIdentifier>
    </Filter>
    <Filter Include="抽象类\即时消息">
      <UniqueIdentifier>{53cae83c-97e4-4490-b7d6-33a915fa7fa2}</UniqueIdentifier>
    </Filter>
    <Filter Include="抽象类\进程管理">
      <UniqueIdentifier>{dc95fa30-1c69-4a60-ade7-0d10efe47e4b}</UniqueIdentifier>
    </Filter>
    <Filter Include="通信核心">
      <UniqueIdentifier>{782f43ce-8e26-4430-ada6-2bb805d4d604}</UniqueIdentifier>
    </Filter>
    <Filter Include="抽象类\进程管理\VMMap">
      <UniqueIdentifier>{0f206446-a3dd-43b4-a437-ce0555e94f9f}</UniqueIdentifier>
    </Filter>
    <Filter Include="Cmd管理">
      <UniqueIdentifier>{cbf8d565-71bd-4289-9da4-cfe03dde3cb2}</UniqueIdentifier>
    </Filter>
    <Filter Include="窗口管理">
      <UniqueIdentifier>{e929a0a7-babb-47e9-8f5f-46e4b9726a7b}</UniqueIdentifier>
    </Filter>
  </ItemGroup>
  <ItemGroup>
    <ClInclude Include="framework.h">
      <Filter>头文件</Filter>
    </ClInclude>
    <ClInclude Include="pch.h">
      <Filter>头文件</Filter>
    </ClInclude>
    <ClInclude Include="Login.h">
      <Filter>用户上线</Filter>
    </ClInclude>
    <ClInclude Include="CArray.h">
      <Filter>数据结构</Filter>
    </ClInclude>
    <ClInclude Include="zconf.h">
      <Filter>压缩库</Filter>
    </ClInclude>
    <ClInclude Include="zlib.h">
      <Filter>压缩库</Filter>
    </ClInclude>
    <ClInclude Include="Manager.h">
      <Filter>抽象类</Filter>
    </ClInclude>
    <ClInclude Include="KernelManager.h">
      <Filter>抽象类\内核管理</Filter>
    </ClInclude>
    <ClInclude Include="dllmain.h">
      <Filter>源文件</Filter>
    </ClInclude>
    <ClInclude Include="InstantMessageManager.h">
      <Filter>抽象类\即时消息</Filter>
    </ClInclude>
    <ClInclude Include="resource.h">
      <Filter>头文件</Filter>
    </ClInclude>
    <ClInclude Include="ProcessHelper.h">
      <Filter>抽象类\内核管理</Filter>
    </ClInclude>
    <ClInclude Include="SystemHelper.h">
      <Filter>抽象类\内核管理</Filter>
    </ClInclude>
    <ClInclude Include="ProcessManager.h">
      <Filter>抽象类\进程管理</Filter>
    </ClInclude>
    <ClInclude Include="MemoryHelper.h">
      <Filter>抽象类\内核管理</Filter>
    </ClInclude>
    <ClInclude Include="IocpClient.h">
      <Filter>通信核心</Filter>
    </ClInclude>
    <ClInclude Include="VMMap.h">
      <Filter>抽象类\进程管理\VMMap</Filter>
    </ClInclude>
    <ClInclude Include="CmdManager.h">
      <Filter>Cmd管理</Filter>
    </ClInclude>
    <ClInclude Include="WindowManager.h">
      <Filter>窗口管理</Filter>
    </ClInclude>
  </ItemGroup>
  <ItemGroup>
    <ClCompile Include="dllmain.cpp">
      <Filter>源文件</Filter>
    </ClCompile>
    <ClCompile Include="pch.cpp">
      <Filter>头文件</Filter>
    </ClCompile>
    <ClCompile Include="Login.cpp">
      <Filter>用户上线</Filter>
    </ClCompile>
    <ClCompile Include="CArray.cpp">
      <Filter>数据结构</Filter>
    </ClCompile>
    <ClCompile Include="Manager.cpp">
      <Filter>抽象类</Filter>
    </ClCompile>
    <ClCompile Include="KernelManager.cpp">
      <Filter>抽象类\内核管理</Filter>
    </ClCompile>
    <ClCompile Include="InstantMessageManager.cpp">
      <Filter>抽象类\即时消息</Filter>
    </ClCompile>
    <ClCompile Include="ProcessHelper.cpp">
      <Filter>抽象类\内核管理</Filter>
    </ClCompile>
    <ClCompile Include="SystemHelper.cpp">
      <Filter>抽象类\内核管理</Filter>
    </ClCompile>
    <ClCompile Include="ProcessManager.cpp">
      <Filter>抽象类\进程管理</Filter>
    </ClCompile>
    <ClCompile Include="MemoryHelper.cpp">
      <Filter>抽象类\内核管理</Filter>
    </ClCompile>
    <ClCompile Include="IocpClient.cpp">
      <Filter>通信核心</Filter>
    </ClCompile>
    <ClCompile Include="Common.h">
      <Filter>头文件</Filter>
    </ClCompile>
    <ClCompile Include="VMMap.cpp">
      <Filter>抽象类\进程管理\VMMap</Filter>
    </ClCompile>
    <ClCompile Include="CmdManager.cpp">
      <Filter>Cmd管理</Filter>
    </ClCompile>
    <ClCompile Include="WindowManager.cpp">
      <Filter>窗口管理</Filter>
    </ClCompile>
  </ItemGroup>
  <ItemGroup>
    <None Include="Source.def">
      <Filter>头文件</Filter>
    </None>
  </ItemGroup>
  <ItemGroup>
    <ResourceCompile Include="Dll.rc">
      <Filter>资源文件</Filter>
    </ResourceCompile>
  </ItemGroup>
  <ItemGroup>
    <Media Include="res\Message.wav">
      <Filter>资源文件</Filter>
    </Media>
  </ItemGroup>
</Project>